// !$*UTF8*$!
{
	archiveVersion = 1;
	classes = {
	};
	objectVersion = 46;
	objects = {

/* Begin PBXBuildFile section */
		52830E581E9C8F1900079941 /* main.m in Sources */ = {isa = PBXBuildFile; fileRef = 52830E571E9C8F1900079941 /* main.m */; };
		52830E5B1E9C8F1900079941 /* AppDelegate.m in Sources */ = {isa = PBXBuildFile; fileRef = 52830E5A1E9C8F1900079941 /* AppDelegate.m */; };
		52830E5E1E9C8F1A00079941 /* ViewController.m in Sources */ = {isa = PBXBuildFile; fileRef = 52830E5D1E9C8F1A00079941 /* ViewController.m */; };
		52830E611E9C8F1A00079941 /* Main.storyboard in Resources */ = {isa = PBXBuildFile; fileRef = 52830E5F1E9C8F1A00079941 /* Main.storyboard */; };
		52830E631E9C8F1A00079941 /* Assets.xcassets in Resources */ = {isa = PBXBuildFile; fileRef = 52830E621E9C8F1A00079941 /* Assets.xcassets */; };
		52830E661E9C8F1A00079941 /* LaunchScreen.storyboard in Resources */ = {isa = PBXBuildFile; fileRef = 52830E641E9C8F1A00079941 /* LaunchScreen.storyboard */; };
		52830E711E9C8F1A00079941 /* cameraAppTests.m in Sources */ = {isa = PBXBuildFile; fileRef = 52830E701E9C8F1A00079941 /* cameraAppTests.m */; };
		52830E7C1E9C8F1A00079941 /* cameraAppUITests.m in Sources */ = {isa = PBXBuildFile; fileRef = 52830E7B1E9C8F1A00079941 /* cameraAppUITests.m */; };
/* End PBXBuildFile section */

/* Begin PBXContainerItemProxy section */
		52830E6D1E9C8F1A00079941 /* PBXContainerItemProxy */ = {
			isa = PBXContainerItemProxy;
			containerPortal = 52830E4B1E9C8F1900079941 /* Project object */;
			proxyType = 1;
			remoteGlobalIDString = 52830E521E9C8F1900079941;
			remoteInfo = cameraApp;
		};
		52830E781E9C8F1A00079941 /* PBXContainerItemProxy */ = {
			isa = PBXContainerItemProxy;
			containerPortal = 52830E4B1E9C8F1900079941 /* Project object */;
			proxyType = 1;
			remoteGlobalIDString = 52830E521E9C8F1900079941;
			remoteInfo = cameraApp;
		};
/* End PBXContainerItemProxy section */

/* Begin PBXFileReference section */
		52830E531E9C8F1900079941 /* cameraApp.app */ = {isa = PBXFileReference; explicitFileType = wrapper.application; includeInIndex = 0; path = cameraApp.app; sourceTree = BUILT_PRODUCTS_DIR; };
		52830E571E9C8F1900079941 /* main.m */ = {isa = PBXFileReference; lastKnownFileType = sourcecode.c.objc; path = main.m; sourceTree = "<group>"; };
		52830E591E9C8F1900079941 /* AppDelegate.h */ = {isa = PBXFileReference; lastKnownFileType = sourcecode.c.h; path = AppDelegate.h; sourceTree = "<group>"; };
		52830E5A1E9C8F1900079941 /* AppDelegate.m */ = {isa = PBXFileReference; lastKnownFileType = sourcecode.c.objc; path = AppDelegate.m; sourceTree = "<group>"; };
		52830E5C1E9C8F1900079941 /* ViewController.h */ = {isa = PBXFileReference; lastKnownFileType = sourcecode.c.h; path = ViewController.h; sourceTree = "<group>"; };
		52830E5D1E9C8F1A00079941 /* ViewController.m */ = {isa = PBXFileReference; lastKnownFileType = sourcecode.c.objc; path = ViewController.m; sourceTree = "<group>"; };
		52830E601E9C8F1A00079941 /* Base */ = {isa = PBXFileReference; lastKnownFileType = file.storyboard; name = Base; path = Base.lproj/Main.storyboard; sourceTree = "<group>"; };
		52830E621E9C8F1A00079941 /* Assets.xcassets */ = {isa = PBXFileReference; lastKnownFileType = folder.assetcatalog; path = Assets.xcassets; sourceTree = "<group>"; };
		52830E651E9C8F1A00079941 /* Base */ = {isa = PBXFileReference; lastKnownFileType = file.storyboard; name = Base; path = Base.lproj/LaunchScreen.storyboard; sourceTree = "<group>"; };
		52830E671E9C8F1A00079941 /* Info.plist */ = {isa = PBXFileReference; lastKnownFileType = text.plist.xml; path = Info.plist; sourceTree = "<group>"; };
		52830E6C1E9C8F1A00079941 /* cameraAppTests.xctest */ = {isa = PBXFileReference; explicitFileType = wrapper.cfbundle; includeInIndex = 0; path = cameraAppTests.xctest; sourceTree = BUILT_PRODUCTS_DIR; };
		52830E701E9C8F1A00079941 /* cameraAppTests.m */ = {isa = PBXFileReference; lastKnownFileType = sourcecode.c.objc; path = cameraAppTests.m; sourceTree = "<group>"; };
		52830E721E9C8F1A00079941 /* Info.plist */ = {isa = PBXFileReference; lastKnownFileType = text.plist.xml; path = Info.plist; sourceTree = "<group>"; };
		52830E771E9C8F1A00079941 /* cameraAppUITests.xctest */ = {isa = PBXFileReference; explicitFileType = wrapper.cfbundle; includeInIndex = 0; path = cameraAppUITests.xctest; sourceTree = BUILT_PRODUCTS_DIR; };
		52830E7B1E9C8F1A00079941 /* cameraAppUITests.m */ = {isa = PBXFileReference; lastKnownFileType = sourcecode.c.objc; path = cameraAppUITests.m; sourceTree = "<group>"; };
		52830E7D1E9C8F1A00079941 /* Info.plist */ = {isa = PBXFileReference; lastKnownFileType = text.plist.xml; path = Info.plist; sourceTree = "<group>"; };
/* End PBXFileReference section */

/* Begin PBXFrameworksBuildPhase section */
		52830E501E9C8F1900079941 /* Frameworks */ = {
			isa = PBXFrameworksBuildPhase;
			buildActionMask = 2147483647;
			files = (
			);
			runOnlyForDeploymentPostprocessing = 0;
		};
		52830E691E9C8F1A00079941 /* Frameworks */ = {
			isa = PBXFrameworksBuildPhase;
			buildActionMask = 2147483647;
			files = (
			);
			runOnlyForDeploymentPostprocessing = 0;
		};
		52830E741E9C8F1A00079941 /* Frameworks */ = {
			isa = PBXFrameworksBuildPhase;
			buildActionMask = 2147483647;
			files = (
			);
			runOnlyForDeploymentPostprocessing = 0;
		};
/* End PBXFrameworksBuildPhase section */

/* Begin PBXGroup section */
		52830E4A1E9C8F1900079941 = {
			isa = PBXGroup;
			children = (
				52830E551E9C8F1900079941 /* cameraApp */,
				52830E6F1E9C8F1A00079941 /* cameraAppTests */,
				52830E7A1E9C8F1A00079941 /* cameraAppUITests */,
				52830E541E9C8F1900079941 /* Products */,
			);
			sourceTree = "<group>";
		};
		52830E541E9C8F1900079941 /* Products */ = {
			isa = PBXGroup;
			children = (
				52830E531E9C8F1900079941 /* cameraApp.app */,
				52830E6C1E9C8F1A00079941 /* cameraAppTests.xctest */,
				52830E771E9C8F1A00079941 /* cameraAppUITests.xctest */,
			);
			name = Products;
			sourceTree = "<group>";
		};
		52830E551E9C8F1900079941 /* cameraApp */ = {
			isa = PBXGroup;
			children = (
				52830E591E9C8F1900079941 /* AppDelegate.h */,
				52830E5A1E9C8F1900079941 /* AppDelegate.m */,
				52830E5C1E9C8F1900079941 /* ViewController.h */,
				52830E5D1E9C8F1A00079941 /* ViewController.m */,
				52830E5F1E9C8F1A00079941 /* Main.storyboard */,
				52830E621E9C8F1A00079941 /* Assets.xcassets */,
				52830E641E9C8F1A00079941 /* LaunchScreen.storyboard */,
				52830E671E9C8F1A00079941 /* Info.plist */,
				52830E561E9C8F1900079941 /* Supporting Files */,
			);
			path = cameraApp;
			sourceTree = "<group>";
		};
		52830E561E9C8F1900079941 /* Supporting Files */ = {
			isa = PBXGroup;
			children = (
				52830E571E9C8F1900079941 /* main.m */,
			);
			name = "Supporting Files";
			sourceTree = "<group>";
		};
		52830E6F1E9C8F1A00079941 /* cameraAppTests */ = {
			isa = PBXGroup;
			children = (
				52830E701E9C8F1A00079941 /* cameraAppTests.m */,
				52830E721E9C8F1A00079941 /* Info.plist */,
			);
			path = cameraAppTests;
			sourceTree = "<group>";
		};
		52830E7A1E9C8F1A00079941 /* cameraAppUITests */ = {
			isa = PBXGroup;
			children = (
				52830E7B1E9C8F1A00079941 /* cameraAppUITests.m */,
				52830E7D1E9C8F1A00079941 /* Info.plist */,
			);
			path = cameraAppUITests;
			sourceTree = "<group>";
		};
/* End PBXGroup section */

/* Begin PBXNativeTarget section */
		52830E521E9C8F1900079941 /* cameraApp */ = {
			isa = PBXNativeTarget;
			buildConfigurationList = 52830E801E9C8F1A00079941 /* Build configuration list for PBXNativeTarget "cameraApp" */;
			buildPhases = (
				52830E4F1E9C8F1900079941 /* Sources */,
				52830E501E9C8F1900079941 /* Frameworks */,
				52830E511E9C8F1900079941 /* Resources */,
			);
			buildRules = (
			);
			dependencies = (
			);
			name = cameraApp;
			productName = cameraApp;
			productReference = 52830E531E9C8F1900079941 /* cameraApp.app */;
			productType = "com.apple.product-type.application";
		};
		52830E6B1E9C8F1A00079941 /* cameraAppTests */ = {
			isa = PBXNativeTarget;
			buildConfigurationList = 52830E831E9C8F1A00079941 /* Build configuration list for PBXNativeTarget "cameraAppTests" */;
			buildPhases = (
				52830E681E9C8F1A00079941 /* Sources */,
				52830E691E9C8F1A00079941 /* Frameworks */,
				52830E6A1E9C8F1A00079941 /* Resources */,
			);
			buildRules = (
			);
			dependencies = (
				52830E6E1E9C8F1A00079941 /* PBXTargetDependency */,
			);
			name = cameraAppTests;
			productName = cameraAppTests;
			productReference = 52830E6C1E9C8F1A00079941 /* cameraAppTests.xctest */;
			productType = "com.apple.product-type.bundle.unit-test";
		};
		52830E761E9C8F1A00079941 /* cameraAppUITests */ = {
			isa = PBXNativeTarget;
			buildConfigurationList = 52830E861E9C8F1A00079941 /* Build configuration list for PBXNativeTarget "cameraAppUITests" */;
			buildPhases = (
				52830E731E9C8F1A00079941 /* Sources */,
				52830E741E9C8F1A00079941 /* Frameworks */,
				52830E751E9C8F1A00079941 /* Resources */,
			);
			buildRules = (
			);
			dependencies = (
				52830E791E9C8F1A00079941 /* PBXTargetDependency */,
			);
			name = cameraAppUITests;
			productName = cameraAppUITests;
			productReference = 52830E771E9C8F1A00079941 /* cameraAppUITests.xctest */;
			productType = "com.apple.product-type.bundle.ui-testing";
		};
/* End PBXNativeTarget section */

/* Begin PBXProject section */
		52830E4B1E9C8F1900079941 /* Project object */ = {
			isa = PBXProject;
			attributes = {
				LastUpgradeCheck = 0830;
				ORGANIZATIONNAME = NeoRays;
				TargetAttributes = {
					52830E521E9C8F1900079941 = {
						CreatedOnToolsVersion = 8.3;
						ProvisioningStyle = Automatic;
					};
					52830E6B1E9C8F1A00079941 = {
						CreatedOnToolsVersion = 8.3;
						ProvisioningStyle = Automatic;
						TestTargetID = 52830E521E9C8F1900079941;
					};
					52830E761E9C8F1A00079941 = {
						CreatedOnToolsVersion = 8.3;
						ProvisioningStyle = Automatic;
						TestTargetID = 52830E521E9C8F1900079941;
					};
				};
			};
			buildConfigurationList = 52830E4E1E9C8F1900079941 /* Build configuration list for PBXProject "cameraApp" */;
			compatibilityVersion = "Xcode 3.2";
			developmentRegion = English;
			hasScannedForEncodings = 0;
			knownRegions = (
				en,
				Base,
			);
			mainGroup = 52830E4A1E9C8F1900079941;
			productRefGroup = 52830E541E9C8F1900079941 /* Products */;
			projectDirPath = "";
			projectRoot = "";
			targets = (
				52830E521E9C8F1900079941 /* cameraApp */,
				52830E6B1E9C8F1A00079941 /* cameraAppTests */,
				52830E761E9C8F1A00079941 /* cameraAppUITests */,
			);
		};
/* End PBXProject section */

/* Begin PBXResourcesBuildPhase section */
		52830E511E9C8F1900079941 /* Resources */ = {
			isa = PBXResourcesBuildPhase;
			buildActionMask = 2147483647;
			files = (
				52830E661E9C8F1A00079941 /* LaunchScreen.storyboard in Resources */,
				52830E631E9C8F1A00079941 /* Assets.xcassets in Resources */,
				52830E611E9C8F1A00079941 /* Main.storyboard in Resources */,
			);
			runOnlyForDeploymentPostprocessing = 0;
		};
		52830E6A1E9C8F1A00079941 /* Resources */ = {
			isa = PBXResourcesBuildPhase;
			buildActionMask = 2147483647;
			files = (
			);
			runOnlyForDeploymentPostprocessing = 0;
		};
		52830E751E9C8F1A00079941 /* Resources */ = {
			isa = PBXResourcesBuildPhase;
			buildActionMask = 2147483647;
			files = (
			);
			runOnlyForDeploymentPostprocessing = 0;
		};
/* End PBXResourcesBuildPhase section */

/* Begin PBXSourcesBuildPhase section */
		52830E4F1E9C8F1900079941 /* Sources */ = {
			isa = PBXSourcesBuildPhase;
			buildActionMask = 2147483647;
			files = (
				52830E5E1E9C8F1A00079941 /* ViewController.m in Sources */,
				52830E5B1E9C8F1900079941 /* AppDelegate.m in Sources */,
				52830E581E9C8F1900079941 /* main.m in Sources */,
			);
			runOnlyForDeploymentPostprocessing = 0;
		};
		52830E681E9C8F1A00079941 /* Sources */ = {
			isa = PBXSourcesBuildPhase;
			buildActionMask = 2147483647;
			files = (
				52830E711E9C8F1A00079941 /* cameraAppTests.m in Sources */,
			);
			runOnlyForDeploymentPostprocessing = 0;
		};
		52830E731E9C8F1A00079941 /* Sources */ = {
			isa = PBXSourcesBuildPhase;
			buildActionMask = 2147483647;
			files = (
				52830E7C1E9C8F1A00079941 /* cameraAppUITests.m in Sources */,
			);
			runOnlyForDeploymentPostprocessing = 0;
		};
/* End PBXSourcesBuildPhase section */

/* Begin PBXTargetDependency section */
		52830E6E1E9C8F1A00079941 /* PBXTargetDependency */ = {
			isa = PBXTargetDependency;
			target = 52830E521E9C8F1900079941 /* cameraApp */;
			targetProxy = 52830E6D1E9C8F1A00079941 /* PBXContainerItemProxy */;
		};
		52830E791E9C8F1A00079941 /* PBXTargetDependency */ = {
			isa = PBXTargetDependency;
			target = 52830E521E9C8F1900079941 /* cameraApp */;
			targetProxy = 52830E781E9C8F1A00079941 /* PBXContainerItemProxy */;
		};
/* End PBXTargetDependency section */

/* Begin PBXVariantGroup section */
		52830E5F1E9C8F1A00079941 /* Main.storyboard */ = {
			isa = PBXVariantGroup;
			children = (
				52830E601E9C8F1A00079941 /* Base */,
			);
			name = Main.storyboard;
			sourceTree = "<group>";
		};
		52830E641E9C8F1A00079941 /* LaunchScreen.storyboard */ = {
			isa = PBXVariantGroup;
			children = (
				52830E651E9C8F1A00079941 /* Base */,
			);
			name = LaunchScreen.storyboard;
			sourceTree = "<group>";
		};
/* End PBXVariantGroup section */

/* Begin XCBuildConfiguration section */
		52830E7E1E9C8F1A00079941 /* Debug */ = {
			isa = XCBuildConfiguration;
			buildSettings = {
				ALWAYS_SEARCH_USER_PATHS = NO;
				CLANG_ANALYZER_NONNULL = YES;
				CLANG_ANALYZER_NUMBER_OBJECT_CONVERSION = YES_AGGRESSIVE;
				CLANG_CXX_LANGUAGE_STANDARD = "gnu++0x";
				CLANG_CXX_LIBRARY = "libc++";
				CLANG_ENABLE_MODULES = YES;
				CLANG_ENABLE_OBJC_ARC = YES;
				CLANG_WARN_BOOL_CONVERSION = YES;
				CLANG_WARN_CONSTANT_CONVERSION = YES;
				CLANG_WARN_DIRECT_OBJC_ISA_USAGE = YES_ERROR;
				CLANG_WARN_DOCUMENTATION_COMMENTS = YES;
				CLANG_WARN_EMPTY_BODY = YES;
				CLANG_WARN_ENUM_CONVERSION = YES;
				CLANG_WARN_INFINITE_RECURSION = YES;
				CLANG_WARN_INT_CONVERSION = YES;
				CLANG_WARN_OBJC_ROOT_CLASS = YES_ERROR;
				CLANG_WARN_SUSPICIOUS_MOVE = YES;
				CLANG_WARN_UNREACHABLE_CODE = YES;
				CLANG_WARN__DUPLICATE_METHOD_MATCH = YES;
				"CODE_SIGN_IDENTITY[sdk=iphoneos*]" = "iPhone Developer";
				COPY_PHASE_STRIP = NO;
				DEBUG_INFORMATION_FORMAT = dwarf;
				ENABLE_STRICT_OBJC_MSGSEND = YES;
				ENABLE_TESTABILITY = YES;
				GCC_C_LANGUAGE_STANDARD = gnu99;
				GCC_DYNAMIC_NO_PIC = NO;
				GCC_NO_COMMON_BLOCKS = YES;
				GCC_OPTIMIZATION_LEVEL = 0;
				GCC_PREPROCESSOR_DEFINITIONS = (
					"DEBUG=1",
					"$(inherited)",
				);
				GCC_WARN_64_TO_32_BIT_CONVERSION = YES;
				GCC_WARN_ABOUT_RETURN_TYPE = YES_ERROR;
				GCC_WARN_UNDECLARED_SELECTOR = YES;
				GCC_WARN_UNINITIALIZED_AUTOS = YES_AGGRESSIVE;
				GCC_WARN_UNUSED_FUNCTION = YES;
				GCC_WARN_UNUSED_VARIABLE = YES;
				IPHONEOS_DEPLOYMENT_TARGET = 10.3;
				MTL_ENABLE_DEBUG_INFO = YES;
				ONLY_ACTIVE_ARCH = YES;
				SDKROOT = iphoneos;
				TARGETED_DEVICE_FAMILY = "1,2";
			};
			name = Debug;
		};
		52830E7F1E9C8F1A00079941 /* Release */ = {
			isa = XCBuildConfiguration;
			buildSettings = {
				ALWAYS_SEARCH_USER_PATHS = NO;
				CLANG_ANALYZER_NONNULL = YES;
				CLANG_ANALYZER_NUMBER_OBJECT_CONVERSION = YES_AGGRESSIVE;
				CLANG_CXX_LANGUAGE_STANDARD = "gnu++0x";
				CLANG_CXX_LIBRARY = "libc++";
				CLANG_ENABLE_MODULES = YES;
				CLANG_ENABLE_OBJC_ARC = YES;
				CLANG_WARN_BOOL_CONVERSION = YES;
				CLANG_WARN_CONSTANT_CONVERSION = YES;
				CLANG_WARN_DIRECT_OBJC_ISA_USAGE = YES_ERROR;
				CLANG_WARN_DOCUMENTATION_COMMENTS = YES;
				CLANG_WARN_EMPTY_BODY = YES;
				CLANG_WARN_ENUM_CONVERSION = YES;
				CLANG_WARN_INFINITE_RECURSION = YES;
				CLANG_WARN_INT_CONVERSION = YES;
				CLANG_WARN_OBJC_ROOT_CLASS = YES_ERROR;
				CLANG_WARN_SUSPICIOUS_MOVE = YES;
				CLANG_WARN_UNREACHABLE_CODE = YES;
				CLANG_WARN__DUPLICATE_METHOD_MATCH = YES;
				"CODE_SIGN_IDENTITY[sdk=iphoneos*]" = "iPhone Developer";
				COPY_PHASE_STRIP = NO;
				DEBUG_INFORMATION_FORMAT = "dwarf-with-dsym";
				ENABLE_NS_ASSERTIONS = NO;
				ENABLE_STRICT_OBJC_MSGSEND = YES;
				GCC_C_LANGUAGE_STANDARD = gnu99;
				GCC_NO_COMMON_BLOCKS = YES;
				GCC_WARN_64_TO_32_BIT_CONVERSION = YES;
				GCC_WARN_ABOUT_RETURN_TYPE = YES_ERROR;
				GCC_WARN_UNDECLARED_SELECTOR = YES;
				GCC_WARN_UNINITIALIZED_AUTOS = YES_AGGRESSIVE;
				GCC_WARN_UNUSED_FUNCTION = YES;
				GCC_WARN_UNUSED_VARIABLE = YES;
				IPHONEOS_DEPLOYMENT_TARGET = 10.3;
				MTL_ENABLE_DEBUG_INFO = NO;
				SDKROOT = iphoneos;
				TARGETED_DEVICE_FAMILY = "1,2";
				VALIDATE_PRODUCT = YES;
			};
			name = Release;
		};
		52830E811E9C8F1A00079941 /* Debug */ = {
			isa = XCBuildConfiguration;
			buildSettings = {
				ASSETCATALOG_COMPILER_APPICON_NAME = AppIcon;
				INFOPLIST_FILE = cameraApp/Info.plist;
				LD_RUNPATH_SEARCH_PATHS = "$(inherited) @executable_path/Frameworks";
				PRODUCT_BUNDLE_IDENTIFIER = com.neorays.cameraApp;
				PRODUCT_NAME = "$(TARGET_NAME)";
			};
			name = Debug;
		};
		52830E821E9C8F1A00079941 /* Release */ = {
			isa = XCBuildConfiguration;
			buildSettings = {
				ASSETCATALOG_COMPILER_APPICON_NAME = AppIcon;
				INFOPLIST_FILE = cameraApp/Info.plist;
				LD_RUNPATH_SEARCH_PATHS = "$(inherited) @executable_path/Frameworks";
				PRODUCT_BUNDLE_IDENTIFIER = com.neorays.cameraApp;
				PRODUCT_NAME = "$(TARGET_NAME)";
			};
			name = Release;
		};
		52830E841E9C8F1A00079941 /* Debug */ = {
			isa = XCBuildConfiguration;
			buildSettings = {
				BUNDLE_LOADER = "$(TEST_HOST)";
				INFOPLIST_FILE = cameraAppTests/Info.plist;
				LD_RUNPATH_SEARCH_PATHS = "$(inherited) @executable_path/Frameworks @loader_path/Frameworks";
				PRODUCT_BUNDLE_IDENTIFIER = com.neorays.cameraAppTests;
				PRODUCT_NAME = "$(TARGET_NAME)";
				TEST_HOST = "$(BUILT_PRODUCTS_DIR)/cameraApp.app/cameraApp";
			};
			name = Debug;
		};
		52830E851E9C8F1A00079941 /* Release */ = {
			isa = XCBuildConfiguration;
			buildSettings = {
				BUNDLE_LOADER = "$(TEST_HOST)";
				INFOPLIST_FILE = cameraAppTests/Info.plist;
				LD_RUNPATH_SEARCH_PATHS = "$(inherited) @executable_path/Frameworks @loader_path/Frameworks";
				PRODUCT_BUNDLE_IDENTIFIER = com.neorays.cameraAppTests;
				PRODUCT_NAME = "$(TARGET_NAME)";
				TEST_HOST = "$(BUILT_PRODUCTS_DIR)/cameraApp.app/cameraApp";
			};
			name = Release;
		};
		52830E871E9C8F1A00079941 /* Debug */ = {
			isa = XCBuildConfiguration;
			buildSettings = {
				INFOPLIST_FILE = cameraAppUITests/Info.plist;
				LD_RUNPATH_SEARCH_PATHS = "$(inherited) @executable_path/Frameworks @loader_path/Frameworks";
				PRODUCT_BUNDLE_IDENTIFIER = com.neorays.cameraAppUITests;
				PRODUCT_NAME = "$(TARGET_NAME)";
				TEST_TARGET_NAME = cameraApp;
			};
			name = Debug;
		};
		52830E881E9C8F1A00079941 /* Release */ = {
			isa = XCBuildConfiguration;
			buildSettings = {
				INFOPLIST_FILE = cameraAppUITests/Info.plist;
				LD_RUNPATH_SEARCH_PATHS = "$(inherited) @executable_path/Frameworks @loader_path/Frameworks";
				PRODUCT_BUNDLE_IDENTIFIER = com.neorays.cameraAppUITests;
				PRODUCT_NAME = "$(TARGET_NAME)";
				TEST_TARGET_NAME = cameraApp;
			};
			name = Release;
		};
/* End XCBuildConfiguration section */

/* Begin XCConfigurationList section */
		52830E4E1E9C8F1900079941 /* Build configuration list for PBXProject "cameraApp" */ = {
			isa = XCConfigurationList;
			buildConfigurations = (
				52830E7E1E9C8F1A00079941 /* Debug */,
				52830E7F1E9C8F1A00079941 /* Release */,
			);
			defaultConfigurationIsVisible = 0;
			defaultConfigurationName = Release;
		};
		52830E801E9C8F1A00079941 /* Build configuration list for PBXNativeTarget "cameraApp" */ = {
			isa = XCConfigurationList;
			buildConfigurations = (
				52830E811E9C8F1A00079941 /* Debug */,
				52830E821E9C8F1A00079941 /* Release */,
			);
			defaultConfigurationIsVisible = 0;
		};
		52830E831E9C8F1A00079941 /* Build configuration list for PBXNativeTarget "cameraAppTests" */ = {
			isa = XCConfigurationList;
			buildConfigurations = (
				52830E841E9C8F1A00079941 /* Debug */,
				52830E851E9C8F1A00079941 /* Release */,
			);
			defaultConfigurationIsVisible = 0;
		};
		52830E861E9C8F1A00079941 /* Build configuration list for PBXNativeTarget "cameraAppUITests" */ = {
			isa = XCConfigurationList;
			buildConfigurations = (
				52830E871E9C8F1A00079941 /* Debug */,
				52830E881E9C8F1A00079941 /* Release */,
			);
			defaultConfigurationIsVisible = 0;
		};
/* End XCConfigurationList section */
	};
	rootObject = 52830E4B1E9C8F1900079941 /* Project object */;
}
